PODS:
  - boost (1.76.0)
  - CocoaAsyncSocket (7.6.5)
  - DoubleConversion (1.1.6)
  - FBLazyVector (0.69.12)
  - FBReactNativeSpec (0.69.12):
    - RCT-Folly (= 2021.06.28.00-v2)
    - RCTRequired (= 0.69.12)
    - RCTTypeSafety (= 0.69.12)
    - React-Core (= 0.69.12)
    - React-jsi (= 0.69.12)
    - ReactCommon/turbomodule/core (= 0.69.12)
  - Flipper (0.125.0):
    - Flipper-Folly (~> 2.6)
    - Flipper-RSocket (~> 1.4)
  - Flipper-Boost-iOSX (1.76.0.1.11)
  - Flipper-DoubleConversion (3.2.0.1)
  - Flipper-Fmt (7.1.7)
  - Flipper-Folly (2.6.10):
    - Flipper-Boost-iOSX
    - Flipper-DoubleConversion
    - Flipper-Fmt (= 7.1.7)
    - Flipper-Glog
    - libevent (~> 2.1.12)
    - OpenSSL-Universal (= 1.1.1100)
  - Flipper-Glog (0.5.0.5)
  - Flipper-PeerTalk (0.0.4)
  - Flipper-RSocket (1.4.3):
    - Flipper-Folly (~> 2.6)
  - FlipperKit (0.125.0):
    - FlipperKit/Core (= 0.125.0)
  - FlipperKit/Core (0.125.0):
    - Flipper (~> 0.125.0)
    - FlipperKit/CppBridge
    - FlipperKit/FBCxxFollyDynamicConvert
    - FlipperKit/FBDefines
    - FlipperKit/FKPortForwarding
    - SocketRocket (~> 0.6.0)
  - FlipperKit/CppBridge (0.125.0):
    - Flipper (~> 0.125.0)
  - FlipperKit/FBCxxFollyDynamicConvert (0.125.0):
    - Flipper-Folly (~> 2.6)
  - FlipperKit/FBDefines (0.125.0)
  - FlipperKit/FKPortForwarding (0.125.0):
    - CocoaAsyncSocket (~> 7.6)
    - Flipper-PeerTalk (~> 0.0.4)
  - FlipperKit/FlipperKitHighlightOverlay (0.125.0)
  - FlipperKit/FlipperKitLayoutHelpers (0.125.0):
    - FlipperKit/Core
    - FlipperKit/FlipperKitHighlightOverlay
    - FlipperKit/FlipperKitLayoutTextSearchable
  - FlipperKit/FlipperKitLayoutIOSDescriptors (0.125.0):
    - FlipperKit/Core
    - FlipperKit/FlipperKitHighlightOverlay
    - FlipperKit/FlipperKitLayoutHelpers
    - YogaKit (~> 1.18)
  - FlipperKit/FlipperKitLayoutPlugin (0.125.0):
    - FlipperKit/Core
    - FlipperKit/FlipperKitHighlightOverlay
    - FlipperKit/FlipperKitLayoutHelpers
    - FlipperKit/FlipperKitLayoutIOSDescriptors
    - FlipperKit/FlipperKitLayoutTextSearchable
    - YogaKit (~> 1.18)
  - FlipperKit/FlipperKitLayoutTextSearchable (0.125.0)
  - FlipperKit/FlipperKitNetworkPlugin (0.125.0):
    - FlipperKit/Core
  - FlipperKit/FlipperKitReactPlugin (0.125.0):
    - FlipperKit/Core
  - FlipperKit/FlipperKitUserDefaultsPlugin (0.125.0):
    - FlipperKit/Core
  - FlipperKit/SKIOSNetworkPlugin (0.125.0):
    - FlipperKit/Core
    - FlipperKit/FlipperKitNetworkPlugin
  - fmt (6.2.1)
  - glog (0.3.5)
  - GoogleDataTransport (9.2.3):
    - GoogleUtilities/Environment (~> 7.7)
    - nanopb (< 2.30910.0, >= 2.30908.0)
    - PromisesObjC (< 3.0, >= 1.2)
  - GoogleMLKit/MLKitCore (2.6.0):
    - MLKitCommon (~> 5.0.0)
  - GoogleMLKit/TextRecognition (2.6.0):
    - GoogleMLKit/MLKitCore
    - MLKitTextRecognition (~> 1.4.0-beta3)
  - GoogleMLKit/TextRecognitionChinese (2.6.0):
    - GoogleMLKit/MLKitCore
    - MLKitTextRecognitionChinese (~> 1.0.0-beta3)
  - GoogleMLKit/TextRecognitionDevanagari (2.6.0):
    - GoogleMLKit/MLKitCore
    - MLKitTextRecognitionDevanagari (~> 1.0.0-beta3)
  - GoogleMLKit/TextRecognitionJapanese (2.6.0):
    - GoogleMLKit/MLKitCore
    - MLKitTextRecognitionJapanese (~> 1.0.0-beta3)
  - GoogleMLKit/TextRecognitionKorean (2.6.0):
    - GoogleMLKit/MLKitCore
    - MLKitTextRecognitionKorean (~> 1.0.0-beta3)
  - GoogleToolboxForMac/DebugUtils (2.3.2):
    - GoogleToolboxForMac/Defines (= 2.3.2)
  - GoogleToolboxForMac/Defines (2.3.2)
  - GoogleToolboxForMac/Logger (2.3.2):
    - GoogleToolboxForMac/Defines (= 2.3.2)
  - "GoogleToolboxForMac/NSData+zlib (2.3.2)":
    - GoogleToolboxForMac/Defines (= 2.3.2)
  - "GoogleToolboxForMac/NSDictionary+URLArguments (2.3.2)":
    - GoogleToolboxForMac/DebugUtils (= 2.3.2)
    - GoogleToolboxForMac/Defines (= 2.3.2)
    - "GoogleToolboxForMac/NSString+URLArguments (= 2.3.2)"
  - "GoogleToolboxForMac/NSString+URLArguments (2.3.2)"
  - GoogleUtilities/Environment (7.11.1):
    - PromisesObjC (< 3.0, >= 1.2)
  - GoogleUtilities/Logger (7.11.1):
    - GoogleUtilities/Environment
  - GoogleUtilities/UserDefaults (7.11.1):
    - GoogleUtilities/Logger
  - GoogleUtilitiesComponents (1.1.0):
    - GoogleUtilities/Logger
  - GTMSessionFetcher/Core (1.7.2)
  - libevent (2.1.12)
  - MLImage (1.0.0-beta2)
  - MLKitCommon (5.0.0):
    - GoogleDataTransport (~> 9.0)
    - GoogleToolboxForMac/Logger (~> 2.1)
    - "GoogleToolboxForMac/NSData+zlib (~> 2.1)"
    - "GoogleToolboxForMac/NSDictionary+URLArguments (~> 2.1)"
    - GoogleUtilities/UserDefaults (~> 7.0)
    - GoogleUtilitiesComponents (~> 1.0)
    - GTMSessionFetcher/Core (~> 1.1)
    - Protobuf (~> 3.12)
  - MLKitTextRecognition (1.4.0-beta3):
    - MLKitCommon (~> 5.0)
    - MLKitTextRecognitionCommon (= 1.0.0-beta3)
    - MLKitVision (~> 3.0)
  - MLKitTextRecognitionChinese (1.0.0-beta3):
    - MLKitCommon (~> 5.0)
    - MLKitTextRecognitionCommon (= 1.0.0-beta3)
    - MLKitVision (~> 3.0)
  - MLKitTextRecognitionCommon (1.0.0-beta3):
    - MLKitCommon (~> 5.0)
    - MLKitVision (~> 3.0)
  - MLKitTextRecognitionDevanagari (1.0.0-beta3):
    - MLKitCommon (~> 5.0)
    - MLKitTextRecognitionCommon (= 1.0.0-beta3)
    - MLKitVision (~> 3.0)
  - MLKitTextRecognitionJapanese (1.0.0-beta3):
    - MLKitCommon (~> 5.0)
    - MLKitTextRecognitionCommon (= 1.0.0-beta3)
    - MLKitVision (~> 3.0)
  - MLKitTextRecognitionKorean (1.0.0-beta3):
    - MLKitCommon (~> 5.0)
    - MLKitTextRecognitionCommon (= 1.0.0-beta3)
    - MLKitVision (~> 3.0)
  - MLKitVision (3.0.0):
    - GoogleToolboxForMac/Logger (~> 2.1)
    - "GoogleToolboxForMac/NSData+zlib (~> 2.1)"
    - GTMSessionFetcher/Core (~> 1.1)
    - MLImage (= 1.0.0-beta2)
    - MLKitCommon (~> 5.0)
    - Protobuf (~> 3.12)
  - nanopb (2.30909.0):
    - nanopb/decode (= 2.30909.0)
    - nanopb/encode (= 2.30909.0)
  - nanopb/decode (2.30909.0)
  - nanopb/encode (2.30909.0)
  - NextLevelSessionExporter (0.4.6)
  - OpenSSL-Universal (1.1.1100)
  - PromisesObjC (2.2.0)
  - Protobuf (3.23.4)
  - RCT-Folly (2021.06.28.00-v2):
    - boost
    - DoubleConversion
    - fmt (~> 6.2.1)
    - glog
    - RCT-Folly/Default (= 2021.06.28.00-v2)
  - RCT-Folly/Default (2021.06.28.00-v2):
    - boost
    - DoubleConversion
    - fmt (~> 6.2.1)
    - glog
  - RCTRequired (0.69.12)
  - RCTTypeSafety (0.69.12):
    - FBLazyVector (= 0.69.12)
    - RCTRequired (= 0.69.12)
    - React-Core (= 0.69.12)
  - React (0.69.12):
    - React-Core (= 0.69.12)
    - React-Core/DevSupport (= 0.69.12)
    - React-Core/RCTWebSocket (= 0.69.12)
    - React-RCTActionSheet (= 0.69.12)
    - React-RCTAnimation (= 0.69.12)
    - React-RCTBlob (= 0.69.12)
    - React-RCTImage (= 0.69.12)
    - React-RCTLinking (= 0.69.12)
    - React-RCTNetwork (= 0.69.12)
    - React-RCTSettings (= 0.69.12)
    - React-RCTText (= 0.69.12)
    - React-RCTVibration (= 0.69.12)
  - React-bridging (0.69.12):
    - RCT-Folly (= 2021.06.28.00-v2)
    - React-jsi (= 0.69.12)
  - React-callinvoker (0.69.12)
  - React-Codegen (0.69.12):
    - FBReactNativeSpec (= 0.69.12)
    - RCT-Folly (= 2021.06.28.00-v2)
    - RCTRequired (= 0.69.12)
    - RCTTypeSafety (= 0.69.12)
    - React-Core (= 0.69.12)
    - React-jsi (= 0.69.12)
    - React-jsiexecutor (= 0.69.12)
    - ReactCommon/turbomodule/core (= 0.69.12)
  - React-Core (0.69.12):
    - glog
    - RCT-Folly (= 2021.06.28.00-v2)
    - React-Core/Default (= 0.69.12)
    - React-cxxreact (= 0.69.12)
    - React-jsi (= 0.69.12)
    - React-jsiexecutor (= 0.69.12)
    - React-perflogger (= 0.69.12)
    - Yoga
  - React-Core/CoreModulesHeaders (0.69.12):
    - glog
    - RCT-Folly (= 2021.06.28.00-v2)
    - React-Core/Default
    - React-cxxreact (= 0.69.12)
    - React-jsi (= 0.69.12)
    - React-jsiexecutor (= 0.69.12)
    - React-perflogger (= 0.69.12)
    - Yoga
  - React-Core/Default (0.69.12):
    - glog
    - RCT-Folly (= 2021.06.28.00-v2)
    - React-cxxreact (= 0.69.12)
    - React-jsi (= 0.69.12)
    - React-jsiexecutor (= 0.69.12)
    - React-perflogger (= 0.69.12)
    - Yoga
  - React-Core/DevSupport (0.69.12):
    - glog
    - RCT-Folly (= 2021.06.28.00-v2)
    - React-Core/Default (= 0.69.12)
    - React-Core/RCTWebSocket (= 0.69.12)
    - React-cxxreact (= 0.69.12)
    - React-jsi (= 0.69.12)
    - React-jsiexecutor (= 0.69.12)
    - React-jsinspector (= 0.69.12)
    - React-perflogger (= 0.69.12)
    - Yoga
  - React-Core/RCTActionSheetHeaders (0.69.12):
    - glog
    - RCT-Folly (= 2021.06.28.00-v2)
    - React-Core/Default
    - React-cxxreact (= 0.69.12)
    - React-jsi (= 0.69.12)
    - React-jsiexecutor (= 0.69.12)
    - React-perflogger (= 0.69.12)
    - Yoga
  - React-Core/RCTAnimationHeaders (0.69.12):
    - glog
    - RCT-Folly (= 2021.06.28.00-v2)
    - React-Core/Default
    - React-cxxreact (= 0.69.12)
    - React-jsi (= 0.69.12)
    - React-jsiexecutor (= 0.69.12)
    - React-perflogger (= 0.69.12)
    - Yoga
  - React-Core/RCTBlobHeaders (0.69.12):
    - glog
    - RCT-Folly (= 2021.06.28.00-v2)
    - React-Core/Default
    - React-cxxreact (= 0.69.12)
    - React-jsi (= 0.69.12)
    - React-jsiexecutor (= 0.69.12)
    - React-perflogger (= 0.69.12)
    - Yoga
  - React-Core/RCTImageHeaders (0.69.12):
    - glog
    - RCT-Folly (= 2021.06.28.00-v2)
    - React-Core/Default
    - React-cxxreact (= 0.69.12)
    - React-jsi (= 0.69.12)
    - React-jsiexecutor (= 0.69.12)
    - React-perflogger (= 0.69.12)
    - Yoga
  - React-Core/RCTLinkingHeaders (0.69.12):
    - glog
    - RCT-Folly (= 2021.06.28.00-v2)
    - React-Core/Default
    - React-cxxreact (= 0.69.12)
    - React-jsi (= 0.69.12)
    - React-jsiexecutor (= 0.69.12)
    - React-perflogger (= 0.69.12)
    - Yoga
  - React-Core/RCTNetworkHeaders (0.69.12):
    - glog
    - RCT-Folly (= 2021.06.28.00-v2)
    - React-Core/Default
    - React-cxxreact (= 0.69.12)
    - React-jsi (= 0.69.12)
    - React-jsiexecutor (= 0.69.12)
    - React-perflogger (= 0.69.12)
    - Yoga
  - React-Core/RCTSettingsHeaders (0.69.12):
    - glog
    - RCT-Folly (= 2021.06.28.00-v2)
    - React-Core/Default
    - React-cxxreact (= 0.69.12)
    - React-jsi (= 0.69.12)
    - React-jsiexecutor (= 0.69.12)
    - React-perflogger (= 0.69.12)
    - Yoga
  - React-Core/RCTTextHeaders (0.69.12):
    - glog
    - RCT-Folly (= 2021.06.28.00-v2)
    - React-Core/Default
    - React-cxxreact (= 0.69.12)
    - React-jsi (= 0.69.12)
    - React-jsiexecutor (= 0.69.12)
    - React-perflogger (= 0.69.12)
    - Yoga
  - React-Core/RCTVibrationHeaders (0.69.12):
    - glog
    - RCT-Folly (= 2021.06.28.00-v2)
    - React-Core/Default
    - React-cxxreact (= 0.69.12)
    - React-jsi (= 0.69.12)
    - React-jsiexecutor (= 0.69.12)
    - React-perflogger (= 0.69.12)
    - Yoga
  - React-Core/RCTWebSocket (0.69.12):
    - glog
    - RCT-Folly (= 2021.06.28.00-v2)
    - React-Core/Default (= 0.69.12)
    - React-cxxreact (= 0.69.12)
    - React-jsi (= 0.69.12)
    - React-jsiexecutor (= 0.69.12)
    - React-perflogger (= 0.69.12)
    - Yoga
  - React-CoreModules (0.69.12):
    - RCT-Folly (= 2021.06.28.00-v2)
    - RCTTypeSafety (= 0.69.12)
    - React-Codegen (= 0.69.12)
    - React-Core/CoreModulesHeaders (= 0.69.12)
    - React-jsi (= 0.69.12)
    - React-RCTImage (= 0.69.12)
    - ReactCommon/turbomodule/core (= 0.69.12)
  - React-cxxreact (0.69.12):
    - boost (= 1.76.0)
    - DoubleConversion
    - glog
    - RCT-Folly (= 2021.06.28.00-v2)
    - React-callinvoker (= 0.69.12)
    - React-jsi (= 0.69.12)
    - React-jsinspector (= 0.69.12)
    - React-logger (= 0.69.12)
    - React-perflogger (= 0.69.12)
    - React-runtimeexecutor (= 0.69.12)
  - React-jsi (0.69.12):
    - boost (= 1.76.0)
    - DoubleConversion
    - glog
    - RCT-Folly (= 2021.06.28.00-v2)
    - React-jsi/Default (= 0.69.12)
  - React-jsi/Default (0.69.12):
    - boost (= 1.76.0)
    - DoubleConversion
    - glog
    - RCT-Folly (= 2021.06.28.00-v2)
  - React-jsiexecutor (0.69.12):
    - DoubleConversion
    - glog
    - RCT-Folly (= 2021.06.28.00-v2)
    - React-cxxreact (= 0.69.12)
    - React-jsi (= 0.69.12)
    - React-perflogger (= 0.69.12)
  - React-jsinspector (0.69.12)
  - React-logger (0.69.12):
    - glog
  - react-native-compressor (1.6.2):
    - NextLevelSessionExporter
    - React-Core
  - react-native-document-scanner-plugin (0.9.0):
    - React-Core
  - react-native-safe-area-context (4.7.1):
    - React-Core
  - React-perflogger (0.69.12)
  - React-RCTActionSheet (0.69.12):
    - React-Core/RCTActionSheetHeaders (= 0.69.12)
  - React-RCTAnimation (0.69.12):
    - RCT-Folly (= 2021.06.28.00-v2)
    - RCTTypeSafety (= 0.69.12)
    - React-Codegen (= 0.69.12)
    - React-Core/RCTAnimationHeaders (= 0.69.12)
    - React-jsi (= 0.69.12)
    - ReactCommon/turbomodule/core (= 0.69.12)
  - React-RCTBlob (0.69.12):
    - RCT-Folly (= 2021.06.28.00-v2)
    - React-Codegen (= 0.69.12)
    - React-Core/RCTBlobHeaders (= 0.69.12)
    - React-Core/RCTWebSocket (= 0.69.12)
    - React-jsi (= 0.69.12)
    - React-RCTNetwork (= 0.69.12)
    - ReactCommon/turbomodule/core (= 0.69.12)
  - React-RCTImage (0.69.12):
    - RCT-Folly (= 2021.06.28.00-v2)
    - RCTTypeSafety (= 0.69.12)
    - React-Codegen (= 0.69.12)
    - React-Core/RCTImageHeaders (= 0.69.12)
    - React-jsi (= 0.69.12)
    - React-RCTNetwork (= 0.69.12)
    - ReactCommon/turbomodule/core (= 0.69.12)
  - React-RCTLinking (0.69.12):
    - React-Codegen (= 0.69.12)
    - React-Core/RCTLinkingHeaders (= 0.69.12)
    - React-jsi (= 0.69.12)
    - ReactCommon/turbomodule/core (= 0.69.12)
  - React-RCTNetwork (0.69.12):
    - RCT-Folly (= 2021.06.28.00-v2)
    - RCTTypeSafety (= 0.69.12)
    - React-Codegen (= 0.69.12)
    - React-Core/RCTNetworkHeaders (= 0.69.12)
    - React-jsi (= 0.69.12)
    - ReactCommon/turbomodule/core (= 0.69.12)
  - React-RCTSettings (0.69.12):
    - RCT-Folly (= 2021.06.28.00-v2)
    - RCTTypeSafety (= 0.69.12)
    - React-Codegen (= 0.69.12)
    - React-Core/RCTSettingsHeaders (= 0.69.12)
    - React-jsi (= 0.69.12)
    - ReactCommon/turbomodule/core (= 0.69.12)
  - React-RCTText (0.69.12):
    - React-Core/RCTTextHeaders (= 0.69.12)
  - React-RCTVibration (0.69.12):
    - RCT-Folly (= 2021.06.28.00-v2)
    - React-Codegen (= 0.69.12)
    - React-Core/RCTVibrationHeaders (= 0.69.12)
    - React-jsi (= 0.69.12)
    - ReactCommon/turbomodule/core (= 0.69.12)
  - React-runtimeexecutor (0.69.12):
    - React-jsi (= 0.69.12)
  - ReactCommon/turbomodule/core (0.69.12):
    - DoubleConversion
    - glog
    - RCT-Folly (= 2021.06.28.00-v2)
    - React-bridging (= 0.69.12)
    - React-callinvoker (= 0.69.12)
    - React-Core (= 0.69.12)
    - React-cxxreact (= 0.69.12)
    - React-jsi (= 0.69.12)
    - React-logger (= 0.69.12)
    - React-perflogger (= 0.69.12)
  - RNCAsyncStorage (1.19.1):
    - React-Core
  - RNGestureHandler (2.8.0):
    - React-Core
  - RNImageToPdf (1.2.0):
    - React
  - RNMLKitTextRecognition (1.2.1):
    - GoogleMLKit/TextRecognition (= 2.6.0)
    - GoogleMLKit/TextRecognitionChinese (= 2.6.0)
    - GoogleMLKit/TextRecognitionDevanagari (= 2.6.0)
    - GoogleMLKit/TextRecognitionJapanese (= 2.6.0)
    - GoogleMLKit/TextRecognitionKorean (= 2.6.0)
    - React
  - RNScreens (3.22.1):
    - React-Core
    - React-RCTImage
  - RNVectorIcons (10.0.0):
    - React-Core
  - SocketRocket (0.6.1)
  - Yoga (1.14.0)
  - YogaKit (1.18.1):
    - Yoga (~> 1.14)

DEPENDENCIES:
  - boost (from `../node_modules/react-native/third-party-podspecs/boost.podspec`)
  - DoubleConversion (from `../node_modules/react-native/third-party-podspecs/DoubleConversion.podspec`)
  - FBLazyVector (from `../node_modules/react-native/Libraries/FBLazyVector`)
  - FBReactNativeSpec (from `../node_modules/react-native/React/FBReactNativeSpec`)
  - Flipper (= 0.125.0)
  - Flipper-Boost-iOSX (= 1.76.0.1.11)
  - Flipper-DoubleConversion (= 3.2.0.1)
  - Flipper-Fmt (= 7.1.7)
  - Flipper-Folly (= 2.6.10)
  - Flipper-Glog (= 0.5.0.5)
  - Flipper-PeerTalk (= 0.0.4)
  - Flipper-RSocket (= 1.4.3)
  - FlipperKit (= 0.125.0)
  - FlipperKit/Core (= 0.125.0)
  - FlipperKit/CppBridge (= 0.125.0)
  - FlipperKit/FBCxxFollyDynamicConvert (= 0.125.0)
  - FlipperKit/FBDefines (= 0.125.0)
  - FlipperKit/FKPortForwarding (= 0.125.0)
  - FlipperKit/FlipperKitHighlightOverlay (= 0.125.0)
  - FlipperKit/FlipperKitLayoutPlugin (= 0.125.0)
  - FlipperKit/FlipperKitLayoutTextSearchable (= 0.125.0)
  - FlipperKit/FlipperKitNetworkPlugin (= 0.125.0)
  - FlipperKit/FlipperKitReactPlugin (= 0.125.0)
  - FlipperKit/FlipperKitUserDefaultsPlugin (= 0.125.0)
  - FlipperKit/SKIOSNetworkPlugin (= 0.125.0)
  - glog (from `../node_modules/react-native/third-party-podspecs/glog.podspec`)
  - OpenSSL-Universal (= 1.1.1100)
  - RCT-Folly (from `../node_modules/react-native/third-party-podspecs/RCT-Folly.podspec`)
  - RCTRequired (from `../node_modules/react-native/Libraries/RCTRequired`)
  - RCTTypeSafety (from `../node_modules/react-native/Libraries/TypeSafety`)
  - React (from `../node_modules/react-native/`)
  - React-bridging (from `../node_modules/react-native/ReactCommon`)
  - React-callinvoker (from `../node_modules/react-native/ReactCommon/callinvoker`)
  - React-Codegen (from `build/generated/ios`)
  - React-Core (from `../node_modules/react-native/`)
  - React-Core/DevSupport (from `../node_modules/react-native/`)
  - React-Core/RCTWebSocket (from `../node_modules/react-native/`)
  - React-CoreModules (from `../node_modules/react-native/React/CoreModules`)
  - React-cxxreact (from `../node_modules/react-native/ReactCommon/cxxreact`)
  - React-jsi (from `../node_modules/react-native/ReactCommon/jsi`)
  - React-jsiexecutor (from `../node_modules/react-native/ReactCommon/jsiexecutor`)
  - React-jsinspector (from `../node_modules/react-native/ReactCommon/jsinspector`)
  - React-logger (from `../node_modules/react-native/ReactCommon/logger`)
  - react-native-compressor (from `../node_modules/react-native-compressor`)
  - react-native-document-scanner-plugin (from `../node_modules/react-native-document-scanner-plugin`)
  - react-native-safe-area-context (from `../node_modules/react-native-safe-area-context`)
  - React-perflogger (from `../node_modules/react-native/ReactCommon/reactperflogger`)
  - React-RCTActionSheet (from `../node_modules/react-native/Libraries/ActionSheetIOS`)
  - React-RCTAnimation (from `../node_modules/react-native/Libraries/NativeAnimation`)
  - React-RCTBlob (from `../node_modules/react-native/Libraries/Blob`)
  - React-RCTImage (from `../node_modules/react-native/Libraries/Image`)
  - React-RCTLinking (from `../node_modules/react-native/Libraries/LinkingIOS`)
  - React-RCTNetwork (from `../node_modules/react-native/Libraries/Network`)
  - React-RCTSettings (from `../node_modules/react-native/Libraries/Settings`)
  - React-RCTText (from `../node_modules/react-native/Libraries/Text`)
  - React-RCTVibration (from `../node_modules/react-native/Libraries/Vibration`)
  - React-runtimeexecutor (from `../node_modules/react-native/ReactCommon/runtimeexecutor`)
  - ReactCommon/turbomodule/core (from `../node_modules/react-native/ReactCommon`)
  - "RNCAsyncStorage (from `../node_modules/@react-native-async-storage/async-storage`)"
  - RNGestureHandler (from `../node_modules/react-native-gesture-handler`)
  - RNImageToPdf (from `../node_modules/react-native-image-to-pdf`)
  - "RNMLKitTextRecognition (from `../node_modules/@react-native-ml-kit/text-recognition`)"
  - RNScreens (from `../node_modules/react-native-screens`)
  - RNVectorIcons (from `../node_modules/react-native-vector-icons`)
  - Yoga (from `../node_modules/react-native/ReactCommon/yoga`)

SPEC REPOS:
  trunk:
    - CocoaAsyncSocket
    - Flipper
    - Flipper-Boost-iOSX
    - Flipper-DoubleConversion
    - Flipper-Fmt
    - Flipper-Folly
    - Flipper-Glog
    - Flipper-PeerTalk
    - Flipper-RSocket
    - FlipperKit
    - fmt
    - GoogleDataTransport
    - GoogleMLKit
    - GoogleToolboxForMac
    - GoogleUtilities
    - GoogleUtilitiesComponents
    - GTMSessionFetcher
    - libevent
    - MLImage
    - MLKitCommon
    - MLKitTextRecognition
    - MLKitTextRecognitionChinese
    - MLKitTextRecognitionCommon
    - MLKitTextRecognitionDevanagari
    - MLKitTextRecognitionJapanese
    - MLKitTextRecognitionKorean
    - MLKitVision
    - nanopb
    - NextLevelSessionExporter
    - OpenSSL-Universal
    - PromisesObjC
    - Protobuf
    - SocketRocket
    - YogaKit

EXTERNAL SOURCES:
  boost:
    :podspec: "../node_modules/react-native/third-party-podspecs/boost.podspec"
  DoubleConversion:
    :podspec: "../node_modules/react-native/third-party-podspecs/DoubleConversion.podspec"
  FBLazyVector:
    :path: "../node_modules/react-native/Libraries/FBLazyVector"
  FBReactNativeSpec:
    :path: "../node_modules/react-native/React/FBReactNativeSpec"
  glog:
    :podspec: "../node_modules/react-native/third-party-podspecs/glog.podspec"
  RCT-Folly:
    :podspec: "../node_modules/react-native/third-party-podspecs/RCT-Folly.podspec"
  RCTRequired:
    :path: "../node_modules/react-native/Libraries/RCTRequired"
  RCTTypeSafety:
    :path: "../node_modules/react-native/Libraries/TypeSafety"
  React:
    :path: "../node_modules/react-native/"
  React-bridging:
    :path: "../node_modules/react-native/ReactCommon"
  React-callinvoker:
    :path: "../node_modules/react-native/ReactCommon/callinvoker"
  React-Codegen:
    :path: build/generated/ios
  React-Core:
    :path: "../node_modules/react-native/"
  React-CoreModules:
    :path: "../node_modules/react-native/React/CoreModules"
  React-cxxreact:
    :path: "../node_modules/react-native/ReactCommon/cxxreact"
  React-jsi:
    :path: "../node_modules/react-native/ReactCommon/jsi"
  React-jsiexecutor:
    :path: "../node_modules/react-native/ReactCommon/jsiexecutor"
  React-jsinspector:
    :path: "../node_modules/react-native/ReactCommon/jsinspector"
  React-logger:
    :path: "../node_modules/react-native/ReactCommon/logger"
  react-native-compressor:
    :path: "../node_modules/react-native-compressor"
  react-native-document-scanner-plugin:
    :path: "../node_modules/react-native-document-scanner-plugin"
  react-native-safe-area-context:
    :path: "../node_modules/react-native-safe-area-context"
  React-perflogger:
    :path: "../node_modules/react-native/ReactCommon/reactperflogger"
  React-RCTActionSheet:
    :path: "../node_modules/react-native/Libraries/ActionSheetIOS"
  React-RCTAnimation:
    :path: "../node_modules/react-native/Libraries/NativeAnimation"
  React-RCTBlob:
    :path: "../node_modules/react-native/Libraries/Blob"
  React-RCTImage:
    :path: "../node_modules/react-native/Libraries/Image"
  React-RCTLinking:
    :path: "../node_modules/react-native/Libraries/LinkingIOS"
  React-RCTNetwork:
    :path: "../node_modules/react-native/Libraries/Network"
  React-RCTSettings:
    :path: "../node_modules/react-native/Libraries/Settings"
  React-RCTText:
    :path: "../node_modules/react-native/Libraries/Text"
  React-RCTVibration:
    :path: "../node_modules/react-native/Libraries/Vibration"
  React-runtimeexecutor:
    :path: "../node_modules/react-native/ReactCommon/runtimeexecutor"
  ReactCommon:
    :path: "../node_modules/react-native/ReactCommon"
  RNCAsyncStorage:
    :path: "../node_modules/@react-native-async-storage/async-storage"
  RNGestureHandler:
    :path: "../node_modules/react-native-gesture-handler"
  RNImageToPdf:
    :path: "../node_modules/react-native-image-to-pdf"
  RNMLKitTextRecognition:
    :path: "../node_modules/@react-native-ml-kit/text-recognition"
  RNScreens:
    :path: "../node_modules/react-native-screens"
  RNVectorIcons:
    :path: "../node_modules/react-native-vector-icons"
  Yoga:
    :path: "../node_modules/react-native/ReactCommon/yoga"

SPEC CHECKSUMS:
  boost: a7c83b31436843459a1961bfd74b96033dc77234
  CocoaAsyncSocket: 065fd1e645c7abab64f7a6a2007a48038fdc6a99
  DoubleConversion: 5189b271737e1565bdce30deb4a08d647e3f5f54
  FBLazyVector: 6fab494fa11340bd4206edaebed07279a6bafad4
  FBReactNativeSpec: 76d7b03876b0ad0b86bc5c84d23af8e64db8e096
  Flipper: 26fc4b7382499f1281eb8cb921e5c3ad6de91fe0
  Flipper-Boost-iOSX: fd1e2b8cbef7e662a122412d7ac5f5bea715403c
  Flipper-DoubleConversion: 2dc99b02f658daf147069aad9dbd29d8feb06d30
  Flipper-Fmt: 60cbdd92fc254826e61d669a5d87ef7015396a9b
  Flipper-Folly: 584845625005ff068a6ebf41f857f468decd26b3
  Flipper-Glog: 70c50ce58ddaf67dc35180db05f191692570f446
  Flipper-PeerTalk: 116d8f857dc6ef55c7a5a75ea3ceaafe878aadc9
  Flipper-RSocket: d9d9ade67cbecf6ac10730304bf5607266dd2541
  FlipperKit: cbdee19bdd4e7f05472a66ce290f1b729ba3cb86
  fmt: ff9d55029c625d3757ed641535fd4a75fedc7ce9
  glog: 3d02b25ca00c2d456734d0bcff864cbc62f6ae1a
  GoogleDataTransport: f0308f5905a745f94fb91fea9c6cbaf3831cb1bd
  GoogleMLKit: 755661c46990a85e42278015f26400286d98ad95
  GoogleToolboxForMac: 8bef7c7c5cf7291c687cf5354f39f9db6399ad34
  GoogleUtilities: 9aa0ad5a7bc171f8bae016300bfcfa3fb8425749
  GoogleUtilitiesComponents: 679b2c881db3b615a2777504623df6122dd20afe
  GTMSessionFetcher: 5595ec75acf5be50814f81e9189490412bad82ba
  libevent: 4049cae6c81cdb3654a443be001fb9bdceff7913
  MLImage: a454f9f8ecfd537783a12f9488f5be1a68820829
  MLKitCommon: 3bc17c6f7d25ce3660f030350b46ae7ec9ebca6e
  MLKitTextRecognition: 8b0e0023a4babc66ca83d8b82864e57931164445
  MLKitTextRecognitionChinese: 1fd71c298a5368a39bf3974c68168fa55f10e6ca
  MLKitTextRecognitionCommon: 3e84602c928fe2b775fae81376f2136324cbd763
  MLKitTextRecognitionDevanagari: 282f0e4add8baf331825a4a17597272108ed86c6
  MLKitTextRecognitionJapanese: 28ce2df8ca05ad90354d54ad02f6f07c7c114608
  MLKitTextRecognitionKorean: db7df9061f7b6fc6661cf53fc41f758c19f2782e
  MLKitVision: e87dc3f2e456a6ab32361ebd985e078dd2746143
  nanopb: b552cce312b6c8484180ef47159bc0f65a1f0431
  NextLevelSessionExporter: 4d8aa5e617f1c709724f2453efe5d4628480f65a
  OpenSSL-Universal: ebc357f1e6bc71fa463ccb2fe676756aff50e88c
  PromisesObjC: 09985d6d70fbe7878040aa746d78236e6946d2ef
  Protobuf: c6bc59bbab3d38a71c67f62d7cb7ca8f8ea4eca1
  RCT-Folly: b9d9fe1fc70114b751c076104e52f3b1b5e5a95a
  RCTRequired: b9e53f0512019150020156fa0dacd6583ab838be
  RCTTypeSafety: 04b72202bef8302802610dee70bb9407a245b64c
  React: 59288a7ca8104eb8002f01378606fe42eeabf4b5
  React-bridging: b042b8c217f04e568409786de5f221793be49c31
  React-callinvoker: c7b83d582112e2d5a049dc46abf4c64d871b5c45
  React-Codegen: 5747238d0446e3ab1deb967e749a2bfde6a5c866
  React-Core: d8e1250039d47112513757038d9d9f9b638565c6
  React-CoreModules: 63cceb0040ec2b43a258113193be91f934b37f1b
  React-cxxreact: 429404aac55d8bffca77328002452fc7fa8b29e8
  React-jsi: a8f60feb519ac00085eb9a39d20eaa65c96b51ea
  React-jsiexecutor: ce0b9aa647bdf94126eb2ee1f235d329eb8c0aec
  React-jsinspector: f275698149311abc8c32ebb97797d6b97c44adde
  React-logger: da69d7f1c9501c78cd60776d52a60d7fa5e4d9c2
  react-native-compressor: dd1531490d6c335146f6aae3cd0c318f1e817cd5
  react-native-document-scanner-plugin: 6a359cadee924aea9e4fb42fd913a489a5f695df
  react-native-safe-area-context: 9697629f7b2cda43cf52169bb7e0767d330648c2
  React-perflogger: 5ade0a1627352f1647d283e78331819bb46cceae
  React-RCTActionSheet: 8e94f1e46e09c7035b81fe56c0ed8d78f3ccd340
  React-RCTAnimation: bf2af72f03cf16528db9a830be69fa04b341a1b7
  React-RCTBlob: 4d076b8bb55e631ad1280280ecba674fb1e46d16
  React-RCTImage: 073dcc1689466851fe120c7f8a3cfe3db0196c9f
  React-RCTLinking: 8872818dc894a17bf17cb4b120f76917bf2e9f0a
  React-RCTNetwork: 1e9c873f4a210784a4fb752194cb595502112464
  React-RCTSettings: 1475a717c54f4a9ed627dffffad2470c4b15a419
  React-RCTText: ed34088172126f84130eea859d62fedca0dd7975
  React-RCTVibration: c9cd9f21bbcb3b9c6deedbb66f13e373f57dd795
  React-runtimeexecutor: ea78653fbc68bd6f2d3f5e7e311bc5a9dc8bfeca
  ReactCommon: f4bb9e5209ea5c3c6ab25e100895119e58d6e50a
  RNCAsyncStorage: f47fe18526970a69c34b548883e1aeceb115e3e1
  RNGestureHandler: 62232ba8f562f7dea5ba1b3383494eb5bf97a4d3
  RNImageToPdf: 43fd91d019b3ee8ae6aba7f2d8c40ca4a55088ff
  RNMLKitTextRecognition: 8bf45f1396b8b2d1305db204e6eb04c60af38ca8
  RNScreens: 50ffe2fa2342eabb2d0afbe19f7c1af286bc7fb3
  RNVectorIcons: 8b5bb0fa61d54cd2020af4f24a51841ce365c7e9
  SocketRocket: f32cd54efbe0f095c4d7594881e52619cfe80b17
  Yoga: 8a90b50af67eaa9fe94fd03e550bfeab06096873
  YogaKit: f782866e155069a2cca2517aafea43200b01fd5a

PODFILE CHECKSUM: 59ea537960113228a59c33a5ed8fab1fa5d8eb9d

COCOAPODS: 1.12.1
